
Microsoft Visual Studio Solution File, Format Version 12.00
# Visual Studio 15
VisualStudioVersion = 15.0.27130.2027
MinimumVisualStudioVersion = 10.0.40219.1
Project("{9A19103F-16F7-4668-BE54-9A1E7A4F7556}") = "my-new-app", "my-new-app.csproj", "{70C3013C-D593-4850-84DB-9D57B92547C2}"
EndProject
Global
	GlobalSection(SolutionConfigurationPlatforms) = preSolution
		Debug|Any CPU = Debug|Any CPU
		Release|Any CPU = Release|Any CPU
	EndGlobalSection
	GlobalSection(ProjectConfigurationPlatforms) = postSolution
		{70C3013C-D593-4850-84DB-9D57B92547C2}.Debug|Any CPU.ActiveCfg = Debug|Any CPU
		{70C3013C-D593-4850-84DB-9D57B92547C2}.Debug|Any CPU.Build.0 = Debug|Any CPU
		{70C3013C-D593-4850-84DB-9D57B92547C2}.Release|Any CPU.ActiveCfg = Release|Any CPU
		{70C3013C-D593-4850-84DB-9D57B92547C2}.Release|Any CPU.Build.0 = Release|Any CPU
	EndGlobalSection
	GlobalSection(SolutionProperties) = preSolution
		HideSolutionNode = FALSE
	EndGlobalSection
	GlobalSection(ExtensibilityGlobals) = postSolution
		SolutionGuid = {1262E101-1026-40DC-A3A0-8F6C1C22ABDB}
	EndGlobalSection
EndGlobal
